// !$*UTF8*$!
{
	archiveVersion = 1;
	classes = {
	};
	objectVersion = 46;
	objects = {

/* Begin PBXBuildFile section */
		FF3E4C7C1C69EC8B00ED6943 /* IQhiredNavigationController.swift in Sources */ = {isa = PBXBuildFile; fileRef = FF3E4C7B1C69EC8B00ED6943 /* IQhiredNavigationController.swift */; };
		FF3E4C7E1C69F25B00ED6943 /* IQhiredGradientLayer.swift in Sources */ = {isa = PBXBuildFile; fileRef = FF3E4C7D1C69F25B00ED6943 /* IQhiredGradientLayer.swift */; };
		FF4998891C68478F002ED9B6 /* Foodpin.xcdatamodeld in Sources */ = {isa = PBXBuildFile; fileRef = FF4998871C68478F002ED9B6 /* Foodpin.xcdatamodeld */; };
		FF5AEF9A1C5CEB60002C4220 /* MapKit.framework in Frameworks */ = {isa = PBXBuildFile; fileRef = FF5AEF991C5CEB60002C4220 /* MapKit.framework */; };
		FF66835E1C472175003BC35A /* RestaurantDetailViewController.swift in Sources */ = {isa = PBXBuildFile; fileRef = FF66835D1C472175003BC35A /* RestaurantDetailViewController.swift */; };
		FF76795E1C4DC14E00737FFB /* RestaurantDetailTableViewCell.swift in Sources */ = {isa = PBXBuildFile; fileRef = FF76795D1C4DC14E00737FFB /* RestaurantDetailTableViewCell.swift */; };
		FF81526E1C4C420C00EC06EF /* Restaurant.swift in Sources */ = {isa = PBXBuildFile; fileRef = FF81526D1C4C420C00EC06EF /* Restaurant.swift */; };
		FF8A58F01C96A6250016B5B2 /* StateController.swift in Sources */ = {isa = PBXBuildFile; fileRef = FF8A58EF1C96A6250016B5B2 /* StateController.swift */; };
		FF8A58F21C96B1B50016B5B2 /* ModelController.swift in Sources */ = {isa = PBXBuildFile; fileRef = FF8A58F11C96B1B50016B5B2 /* ModelController.swift */; };
		FF96028C1C61878C00535C9C /* Types.swift in Sources */ = {isa = PBXBuildFile; fileRef = FF96028B1C61878C00535C9C /* Types.swift */; };
		FFB621541C5DE77A0053551D /* MapViewController.swift in Sources */ = {isa = PBXBuildFile; fileRef = FFB621531C5DE77A0053551D /* MapViewController.swift */; };
		FFC0FC381C6340AD00EE66C2 /* Fabric.framework in Frameworks */ = {isa = PBXBuildFile; fileRef = FFC0FC361C6340AD00EE66C2 /* Fabric.framework */; };
		FFC0FC391C6340AD00EE66C2 /* Crashlytics.framework in Frameworks */ = {isa = PBXBuildFile; fileRef = FFC0FC371C6340AD00EE66C2 /* Crashlytics.framework */; };
		FFE828061C565376003C22FF /* ReviewViewController.swift in Sources */ = {isa = PBXBuildFile; fileRef = FFE828051C565376003C22FF /* ReviewViewController.swift */; };
		FFF347721C5F7EBD00F53340 /* AddRestaurantController.swift in Sources */ = {isa = PBXBuildFile; fileRef = FFF347711C5F7EBD00F53340 /* AddRestaurantController.swift */; };
		FFF645701BCFA390004A8B90 /* AppDelegate.swift in Sources */ = {isa = PBXBuildFile; fileRef = FFF6456F1BCFA390004A8B90 /* AppDelegate.swift */; };
		FFF645751BCFA390004A8B90 /* Main.storyboard in Resources */ = {isa = PBXBuildFile; fileRef = FFF645731BCFA390004A8B90 /* Main.storyboard */; };
		FFF645771BCFA390004A8B90 /* Assets.xcassets in Resources */ = {isa = PBXBuildFile; fileRef = FFF645761BCFA390004A8B90 /* Assets.xcassets */; };
		FFF6457A1BCFA390004A8B90 /* LaunchScreen.storyboard in Resources */ = {isa = PBXBuildFile; fileRef = FFF645781BCFA390004A8B90 /* LaunchScreen.storyboard */; };
		FFF645821BCFA563004A8B90 /* RestaurantTableViewController.swift in Sources */ = {isa = PBXBuildFile; fileRef = FFF645811BCFA563004A8B90 /* RestaurantTableViewController.swift */; };
		FFF645841BCFF555004A8B90 /* RestaurantTableViewCell.swift in Sources */ = {isa = PBXBuildFile; fileRef = FFF645831BCFF555004A8B90 /* RestaurantTableViewCell.swift */; };
/* End PBXBuildFile section */

/* Begin PBXFileReference section */
		FF3E4C7B1C69EC8B00ED6943 /* IQhiredNavigationController.swift */ = {isa = PBXFileReference; fileEncoding = 4; lastKnownFileType = sourcecode.swift; path = IQhiredNavigationController.swift; sourceTree = "<group>"; };
		FF3E4C7D1C69F25B00ED6943 /* IQhiredGradientLayer.swift */ = {isa = PBXFileReference; fileEncoding = 4; lastKnownFileType = sourcecode.swift; path = IQhiredGradientLayer.swift; sourceTree = "<group>"; };
		FF4998881C68478F002ED9B6 /* Foodpin.xcdatamodel */ = {isa = PBXFileReference; lastKnownFileType = wrapper.xcdatamodel; path = Foodpin.xcdatamodel; sourceTree = "<group>"; };
		FF5AEF991C5CEB60002C4220 /* MapKit.framework */ = {isa = PBXFileReference; lastKnownFileType = wrapper.framework; name = MapKit.framework; path = System/Library/Frameworks/MapKit.framework; sourceTree = SDKROOT; };
		FF66835D1C472175003BC35A /* RestaurantDetailViewController.swift */ = {isa = PBXFileReference; fileEncoding = 4; lastKnownFileType = sourcecode.swift; path = RestaurantDetailViewController.swift; sourceTree = "<group>"; };
		FF76795D1C4DC14E00737FFB /* RestaurantDetailTableViewCell.swift */ = {isa = PBXFileReference; fileEncoding = 4; lastKnownFileType = sourcecode.swift; path = RestaurantDetailTableViewCell.swift; sourceTree = "<group>"; };
		FF81526D1C4C420C00EC06EF /* Restaurant.swift */ = {isa = PBXFileReference; fileEncoding = 4; lastKnownFileType = sourcecode.swift; path = Restaurant.swift; sourceTree = "<group>"; };
		FF8A58EF1C96A6250016B5B2 /* StateController.swift */ = {isa = PBXFileReference; fileEncoding = 4; lastKnownFileType = sourcecode.swift; name = StateController.swift; path = Controllers/StateController.swift; sourceTree = "<group>"; };
		FF8A58F11C96B1B50016B5B2 /* ModelController.swift */ = {isa = PBXFileReference; fileEncoding = 4; lastKnownFileType = sourcecode.swift; name = ModelController.swift; path = Controllers/ModelController.swift; sourceTree = "<group>"; };
		FF96028B1C61878C00535C9C /* Types.swift */ = {isa = PBXFileReference; fileEncoding = 4; lastKnownFileType = sourcecode.swift; path = Types.swift; sourceTree = "<group>"; };
		FFB621531C5DE77A0053551D /* MapViewController.swift */ = {isa = PBXFileReference; fileEncoding = 4; lastKnownFileType = sourcecode.swift; path = MapViewController.swift; sourceTree = "<group>"; };
		FFC0FC361C6340AD00EE66C2 /* Fabric.framework */ = {isa = PBXFileReference; lastKnownFileType = wrapper.framework; path = Fabric.framework; sourceTree = "<group>"; };
		FFC0FC371C6340AD00EE66C2 /* Crashlytics.framework */ = {isa = PBXFileReference; lastKnownFileType = wrapper.framework; path = Crashlytics.framework; sourceTree = "<group>"; };
		FFE828051C565376003C22FF /* ReviewViewController.swift */ = {isa = PBXFileReference; fileEncoding = 4; lastKnownFileType = sourcecode.swift; path = ReviewViewController.swift; sourceTree = "<group>"; };
		FFF347711C5F7EBD00F53340 /* AddRestaurantController.swift */ = {isa = PBXFileReference; fileEncoding = 4; lastKnownFileType = sourcecode.swift; path = AddRestaurantController.swift; sourceTree = "<group>"; };
		FFF6456C1BCFA390004A8B90 /* FoodPin.app */ = {isa = PBXFileReference; explicitFileType = wrapper.application; includeInIndex = 0; path = FoodPin.app; sourceTree = BUILT_PRODUCTS_DIR; };
		FFF6456F1BCFA390004A8B90 /* AppDelegate.swift */ = {isa = PBXFileReference; lastKnownFileType = sourcecode.swift; path = AppDelegate.swift; sourceTree = "<group>"; };
		FFF645741BCFA390004A8B90 /* Base */ = {isa = PBXFileReference; lastKnownFileType = file.storyboard; name = Base; path = Base.lproj/Main.storyboard; sourceTree = "<group>"; };
		FFF645761BCFA390004A8B90 /* Assets.xcassets */ = {isa = PBXFileReference; lastKnownFileType = folder.assetcatalog; path = Assets.xcassets; sourceTree = "<group>"; };
		FFF645791BCFA390004A8B90 /* Base */ = {isa = PBXFileReference; lastKnownFileType = file.storyboard; name = Base; path = Base.lproj/LaunchScreen.storyboard; sourceTree = "<group>"; };
		FFF6457B1BCFA390004A8B90 /* Info.plist */ = {isa = PBXFileReference; lastKnownFileType = text.plist.xml; path = Info.plist; sourceTree = "<group>"; };
		FFF645811BCFA563004A8B90 /* RestaurantTableViewController.swift */ = {isa = PBXFileReference; fileEncoding = 4; lastKnownFileType = sourcecode.swift; path = RestaurantTableViewController.swift; sourceTree = "<group>"; };
		FFF645831BCFF555004A8B90 /* RestaurantTableViewCell.swift */ = {isa = PBXFileReference; fileEncoding = 4; lastKnownFileType = sourcecode.swift; path = RestaurantTableViewCell.swift; sourceTree = "<group>"; };
/* End PBXFileReference section */

/* Begin PBXFrameworksBuildPhase section */
		FFF645691BCFA390004A8B90 /* Frameworks */ = {
			isa = PBXFrameworksBuildPhase;
			buildActionMask = 2147483647;
			files = (
				FF5AEF9A1C5CEB60002C4220 /* MapKit.framework in Frameworks */,
				FFC0FC391C6340AD00EE66C2 /* Crashlytics.framework in Frameworks */,
				FFC0FC381C6340AD00EE66C2 /* Fabric.framework in Frameworks */,
			);
			runOnlyForDeploymentPostprocessing = 0;
		};
/* End PBXFrameworksBuildPhase section */

/* Begin PBXGroup section */
		FF4998641C6840F3002ED9B6 /* Support Files */ = {
			isa = PBXGroup;
			children = (
				FFF6457B1BCFA390004A8B90 /* Info.plist */,
			);
			name = "Support Files";
			sourceTree = "<group>";
		};
		FF4998861C684735002ED9B6 /* Database */ = {
			isa = PBXGroup;
			children = (
				FF4998871C68478F002ED9B6 /* Foodpin.xcdatamodeld */,
			);
			name = Database;
			sourceTree = "<group>";
		};
		FF5AEF961C5CEA25002C4220 /* View Controllers */ = {
			isa = PBXGroup;
			children = (
				FFF347711C5F7EBD00F53340 /* AddRestaurantController.swift */,
				FFB621531C5DE77A0053551D /* MapViewController.swift */,
				FFE828051C565376003C22FF /* ReviewViewController.swift */,
				FFF645811BCFA563004A8B90 /* RestaurantTableViewController.swift */,
				FF66835D1C472175003BC35A /* RestaurantDetailViewController.swift */,
				FF3E4C7B1C69EC8B00ED6943 /* IQhiredNavigationController.swift */,
			);
			name = "View Controllers";
			sourceTree = "<group>";
		};
		FF5AEF971C5CEA4D002C4220 /* Custom Cells */ = {
			isa = PBXGroup;
			children = (
				FFF645831BCFF555004A8B90 /* RestaurantTableViewCell.swift */,
				FF76795D1C4DC14E00737FFB /* RestaurantDetailTableViewCell.swift */,
			);
			name = "Custom Cells";
			sourceTree = "<group>";
		};
		FF5AEF981C5CEA60002C4220 /* Source */ = {
			isa = PBXGroup;
			children = (
				FF96028B1C61878C00535C9C /* Types.swift */,
				FFF6456F1BCFA390004A8B90 /* AppDelegate.swift */,
				FF81526D1C4C420C00EC06EF /* Restaurant.swift */,
				FF3E4C7D1C69F25B00ED6943 /* IQhiredGradientLayer.swift */,
				FF5AEF961C5CEA25002C4220 /* View Controllers */,
				FF5AEF971C5CEA4D002C4220 /* Custom Cells */,
			);
			name = Source;
			sourceTree = "<group>";
		};
		FF8A58EE1C96A4AF0016B5B2 /* Controllers */ = {
			isa = PBXGroup;
			children = (
				FF8A58EF1C96A6250016B5B2 /* StateController.swift */,
				FF8A58F11C96B1B50016B5B2 /* ModelController.swift */,
			);
			name = Controllers;
			sourceTree = "<group>";
		};
		FFC0FC3A1C634ACD00EE66C2 /* Frameworks */ = {
			isa = PBXGroup;
			children = (
				FF5AEF991C5CEB60002C4220 /* MapKit.framework */,
				FFC0FC361C6340AD00EE66C2 /* Fabric.framework */,
				FFC0FC371C6340AD00EE66C2 /* Crashlytics.framework */,
			);
			name = Frameworks;
			path = ..;
			sourceTree = "<group>";
		};
		FFF645631BCFA390004A8B90 = {
			isa = PBXGroup;
			children = (
				FFF6456E1BCFA390004A8B90 /* FoodPin */,
			);
			sourceTree = "<group>";
		};
		FFF6456D1BCFA390004A8B90 /* Products */ = {
			isa = PBXGroup;
			children = (
				FFF6456C1BCFA390004A8B90 /* FoodPin.app */,
			);
			name = Products;
			path = ..;
			sourceTree = "<group>";
		};
		FFF6456E1BCFA390004A8B90 /* FoodPin */ = {
			isa = PBXGroup;
			children = (
				FF8A58EE1C96A4AF0016B5B2 /* Controllers */,
				FF4998861C684735002ED9B6 /* Database */,
				FFC0FC3A1C634ACD00EE66C2 /* Frameworks */,
				FFF6456D1BCFA390004A8B90 /* Products */,
				FFF645731BCFA390004A8B90 /* Main.storyboard */,
				FFF645781BCFA390004A8B90 /* LaunchScreen.storyboard */,
				FF5AEF981C5CEA60002C4220 /* Source */,
				FF4998641C6840F3002ED9B6 /* Support Files */,
				FFF645761BCFA390004A8B90 /* Assets.xcassets */,
			);
			path = FoodPin;
			sourceTree = "<group>";
		};
/* End PBXGroup section */

/* Begin PBXNativeTarget section */
		FFF6456B1BCFA390004A8B90 /* FoodPin */ = {
			isa = PBXNativeTarget;
			buildConfigurationList = FFF6457E1BCFA390004A8B90 /* Build configuration list for PBXNativeTarget "FoodPin" */;
			buildPhases = (
				FFF645681BCFA390004A8B90 /* Sources */,
				FFF645691BCFA390004A8B90 /* Frameworks */,
				FFF6456A1BCFA390004A8B90 /* Resources */,
				FFC0FC351C633CBE00EE66C2 /* ShellScript */,
			);
			buildRules = (
			);
			dependencies = (
			);
			name = FoodPin;
			productName = FoodPin;
			productReference = FFF6456C1BCFA390004A8B90 /* FoodPin.app */;
			productType = "com.apple.product-type.application";
		};
/* End PBXNativeTarget section */

/* Begin PBXProject section */
		FFF645641BCFA390004A8B90 /* Project object */ = {
			isa = PBXProject;
			attributes = {
				LastUpgradeCheck = 0700;
				ORGANIZATIONNAME = Intellisoft;
				TargetAttributes = {
					FFF6456B1BCFA390004A8B90 = {
						CreatedOnToolsVersion = 7.0;
						DevelopmentTeam = 6RX83YVJ5G;
						SystemCapabilities = {
							com.apple.Maps.iOS = {
								enabled = 1;
							};
						};
					};
				};
			};
			buildConfigurationList = FFF645671BCFA390004A8B90 /* Build configuration list for PBXProject "FoodPin" */;
			compatibilityVersion = "Xcode 3.2";
			developmentRegion = English;
			hasScannedForEncodings = 0;
			knownRegions = (
				en,
				Base,
			);
			mainGroup = FFF645631BCFA390004A8B90;
			productRefGroup = FFF6456D1BCFA390004A8B90 /* Products */;
			projectDirPath = "";
			projectRoot = "";
			targets = (
				FFF6456B1BCFA390004A8B90 /* FoodPin */,
			);
		};
/* End PBXProject section */

/* Begin PBXResourcesBuildPhase section */
		FFF6456A1BCFA390004A8B90 /* Resources */ = {
			isa = PBXResourcesBuildPhase;
			buildActionMask = 2147483647;
			files = (
				FFF6457A1BCFA390004A8B90 /* LaunchScreen.storyboard in Resources */,
				FFF645771BCFA390004A8B90 /* Assets.xcassets in Resources */,
				FFF645751BCFA390004A8B90 /* Main.storyboard in Resources */,
			);
			runOnlyForDeploymentPostprocessing = 0;
		};
/* End PBXResourcesBuildPhase section */

/* Begin PBXShellScriptBuildPhase section */
		FFC0FC351C633CBE00EE66C2 /* ShellScript */ = {
			isa = PBXShellScriptBuildPhase;
			buildActionMask = 2147483647;
			files = (
			);
			inputPaths = (
			);
			outputPaths = (
			);
			runOnlyForDeploymentPostprocessing = 0;
			shellPath = /bin/sh;
			shellScript = "./Fabric.framework/run d40630a36f77de7cf523b526b29795bf78119b2d 98e2f528c13a60661c621c392c5d3f89555d2f3a3d0f0596165f2ccff0692273";
		};
/* End PBXShellScriptBuildPhase section */

/* Begin PBXSourcesBuildPhase section */
		FFF645681BCFA390004A8B90 /* Sources */ = {
			isa = PBXSourcesBuildPhase;
			buildActionMask = 2147483647;
			files = (
				FFF347721C5F7EBD00F53340 /* AddRestaurantController.swift in Sources */,
				FF4998891C68478F002ED9B6 /* Foodpin.xcdatamodeld in Sources */,
				FF81526E1C4C420C00EC06EF /* Restaurant.swift in Sources */,
				FFF645821BCFA563004A8B90 /* RestaurantTableViewController.swift in Sources */,
				FF3E4C7E1C69F25B00ED6943 /* IQhiredGradientLayer.swift in Sources */,
				FF96028C1C61878C00535C9C /* Types.swift in Sources */,
				FF8A58F21C96B1B50016B5B2 /* ModelController.swift in Sources */,
				FFE828061C565376003C22FF /* ReviewViewController.swift in Sources */,
				FFF645841BCFF555004A8B90 /* RestaurantTableViewCell.swift in Sources */,
				FF76795E1C4DC14E00737FFB /* RestaurantDetailTableViewCell.swift in Sources */,
				FF66835E1C472175003BC35A /* RestaurantDetailViewController.swift in Sources */,
				FFF645701BCFA390004A8B90 /* AppDelegate.swift in Sources */,
				FF3E4C7C1C69EC8B00ED6943 /* IQhiredNavigationController.swift in Sources */,
				FFB621541C5DE77A0053551D /* MapViewController.swift in Sources */,
				FF8A58F01C96A6250016B5B2 /* StateController.swift in Sources */,
			);
			runOnlyForDeploymentPostprocessing = 0;
		};
/* End PBXSourcesBuildPhase section */

/* Begin PBXVariantGroup section */
		FFF645731BCFA390004A8B90 /* Main.storyboard */ = {
			isa = PBXVariantGroup;
			children = (
				FFF645741BCFA390004A8B90 /* Base */,
			);
			name = Main.storyboard;
			sourceTree = "<group>";
		};
		FFF645781BCFA390004A8B90 /* LaunchScreen.storyboard */ = {
			isa = PBXVariantGroup;
			children = (
				FFF645791BCFA390004A8B90 /* Base */,
			);
			name = LaunchScreen.storyboard;
			sourceTree = "<group>";
		};
/* End PBXVariantGroup section */

/* Begin XCBuildConfiguration section */
		FFF6457C1BCFA390004A8B90 /* Debug */ = {
			isa = XCBuildConfiguration;
			buildSettings = {
				ALWAYS_SEARCH_USER_PATHS = NO;
				CLANG_CXX_LANGUAGE_STANDARD = "gnu++0x";
				CLANG_CXX_LIBRARY = "libc++";
				CLANG_ENABLE_MODULES = YES;
				CLANG_ENABLE_OBJC_ARC = YES;
				CLANG_WARN_BOOL_CONVERSION = YES;
				CLANG_WARN_CONSTANT_CONVERSION = YES;
				CLANG_WARN_DIRECT_OBJC_ISA_USAGE = YES_ERROR;
				CLANG_WARN_EMPTY_BODY = YES;
				CLANG_WARN_ENUM_CONVERSION = YES;
				CLANG_WARN_INT_CONVERSION = YES;
				CLANG_WARN_OBJC_ROOT_CLASS = YES_ERROR;
				CLANG_WARN_UNREACHABLE_CODE = YES;
				CLANG_WARN__DUPLICATE_METHOD_MATCH = YES;
				CODE_SIGN_IDENTITY = "iPhone Developer";
				"CODE_SIGN_IDENTITY[sdk=iphoneos*]" = "iPhone Developer";
				COPY_PHASE_STRIP = NO;
				DEBUG_INFORMATION_FORMAT = dwarf;
				ENABLE_STRICT_OBJC_MSGSEND = YES;
				ENABLE_TESTABILITY = YES;
				GCC_C_LANGUAGE_STANDARD = gnu99;
				GCC_DYNAMIC_NO_PIC = NO;
				GCC_NO_COMMON_BLOCKS = YES;
				GCC_OPTIMIZATION_LEVEL = 0;
				GCC_PREPROCESSOR_DEFINITIONS = (
					"DEBUG=1",
					"$(inherited)",
				);
				GCC_WARN_64_TO_32_BIT_CONVERSION = YES;
				GCC_WARN_ABOUT_RETURN_TYPE = YES_ERROR;
				GCC_WARN_UNDECLARED_SELECTOR = YES;
				GCC_WARN_UNINITIALIZED_AUTOS = YES_AGGRESSIVE;
				GCC_WARN_UNUSED_FUNCTION = YES;
				GCC_WARN_UNUSED_VARIABLE = YES;
				IPHONEOS_DEPLOYMENT_TARGET = 9.0;
				MTL_ENABLE_DEBUG_INFO = YES;
				ONLY_ACTIVE_ARCH = YES;
				SDKROOT = iphoneos;
				SWIFT_OPTIMIZATION_LEVEL = "-Onone";
			};
			name = Debug;
		};
		FFF6457D1BCFA390004A8B90 /* Release */ = {
			isa = XCBuildConfiguration;
			buildSettings = {
				ALWAYS_SEARCH_USER_PATHS = NO;
				CLANG_CXX_LANGUAGE_STANDARD = "gnu++0x";
				CLANG_CXX_LIBRARY = "libc++";
				CLANG_ENABLE_MODULES = YES;
				CLANG_ENABLE_OBJC_ARC = YES;
				CLANG_WARN_BOOL_CONVERSION = YES;
				CLANG_WARN_CONSTANT_CONVERSION = YES;
				CLANG_WARN_DIRECT_OBJC_ISA_USAGE = YES_ERROR;
				CLANG_WARN_EMPTY_BODY = YES;
				CLANG_WARN_ENUM_CONVERSION = YES;
				CLANG_WARN_INT_CONVERSION = YES;
				CLANG_WARN_OBJC_ROOT_CLASS = YES_ERROR;
				CLANG_WARN_UNREACHABLE_CODE = YES;
				CLANG_WARN__DUPLICATE_METHOD_MATCH = YES;
				CODE_SIGN_IDENTITY = "iPhone Developer";
				"CODE_SIGN_IDENTITY[sdk=iphoneos*]" = "iPhone Developer";
				COPY_PHASE_STRIP = NO;
				DEBUG_INFORMATION_FORMAT = "dwarf-with-dsym";
				ENABLE_NS_ASSERTIONS = NO;
				ENABLE_STRICT_OBJC_MSGSEND = YES;
				GCC_C_LANGUAGE_STANDARD = gnu99;
				GCC_NO_COMMON_BLOCKS = YES;
				GCC_WARN_64_TO_32_BIT_CONVERSION = YES;
				GCC_WARN_ABOUT_RETURN_TYPE = YES_ERROR;
				GCC_WARN_UNDECLARED_SELECTOR = YES;
				GCC_WARN_UNINITIALIZED_AUTOS = YES_AGGRESSIVE;
				GCC_WARN_UNUSED_FUNCTION = YES;
				GCC_WARN_UNUSED_VARIABLE = YES;
				IPHONEOS_DEPLOYMENT_TARGET = 9.0;
				MTL_ENABLE_DEBUG_INFO = NO;
				SDKROOT = iphoneos;
				VALIDATE_PRODUCT = YES;
			};
			name = Release;
		};
		FFF6457F1BCFA390004A8B90 /* Debug */ = {
			isa = XCBuildConfiguration;
			buildSettings = {
				ASSETCATALOG_COMPILER_APPICON_NAME = AppIcon;
				CODE_SIGN_IDENTITY = "iPhone Developer";
				"CODE_SIGN_IDENTITY[sdk=iphoneos*]" = "iPhone Developer";
				FRAMEWORK_SEARCH_PATHS = (
					"$(inherited)",
					"$(PROJECT_DIR)",
				);
				INFOPLIST_FILE = FoodPin/Info.plist;
				LD_RUNPATH_SEARCH_PATHS = "$(inherited) @executable_path/Frameworks";
				PRODUCT_BUNDLE_IDENTIFIER = com.iqhired.FoodPin;
				PRODUCT_NAME = "$(TARGET_NAME)";
				PROVISIONING_PROFILE = "";
			};
			name = Debug;
		};
		FFF645801BCFA390004A8B90 /* Release */ = {
			isa = XCBuildConfiguration;
			buildSettings = {
				ASSETCATALOG_COMPILER_APPICON_NAME = AppIcon;
				CODE_SIGN_IDENTITY = "iPhone Developer";
				"CODE_SIGN_IDENTITY[sdk=iphoneos*]" = "iPhone Developer";
				FRAMEWORK_SEARCH_PATHS = (
					"$(inherited)",
					"$(PROJECT_DIR)",
				);
				INFOPLIST_FILE = FoodPin/Info.plist;
				LD_RUNPATH_SEARCH_PATHS = "$(inherited) @executable_path/Frameworks";
				PRODUCT_BUNDLE_IDENTIFIER = com.iqhired.FoodPin;
				PRODUCT_NAME = "$(TARGET_NAME)";
				PROVISIONING_PROFILE = "";
			};
			name = Release;
		};
/* End XCBuildConfiguration section */

/* Begin XCConfigurationList section */
		FFF645671BCFA390004A8B90 /* Build configuration list for PBXProject "FoodPin" */ = {
			isa = XCConfigurationList;
			buildConfigurations = (
				FFF6457C1BCFA390004A8B90 /* Debug */,
				FFF6457D1BCFA390004A8B90 /* Release */,
			);
			defaultConfigurationIsVisible = 0;
			defaultConfigurationName = Release;
		};
		FFF6457E1BCFA390004A8B90 /* Build configuration list for PBXNativeTarget "FoodPin" */ = {
			isa = XCConfigurationList;
			buildConfigurations = (
				FFF6457F1BCFA390004A8B90 /* Debug */,
				FFF645801BCFA390004A8B90 /* Release */,
			);
			defaultConfigurationIsVisible = 0;
			defaultConfigurationName = Release;
		};
/* End XCConfigurationList section */

/* Begin XCVersionGroup section */
		FF4998871C68478F002ED9B6 /* Foodpin.xcdatamodeld */ = {
			isa = XCVersionGroup;
			children = (
				FF4998881C68478F002ED9B6 /* Foodpin.xcdatamodel */,
			);
			currentVersion = FF4998881C68478F002ED9B6 /* Foodpin.xcdatamodel */;
			path = Foodpin.xcdatamodeld;
			sourceTree = "<group>";
			versionGroupType = wrapper.xcdatamodel;
		};
/* End XCVersionGroup section */
	};
	rootObject = FFF645641BCFA390004A8B90 /* Project object */;
}
