// !$*UTF8*$!
{
	archiveVersion = 1;
	classes = {
	};
	objectVersion = 46;
	objects = {

/* Begin PBXBuildFile section */
		FF66835E1C472175003BC35A /* RestaurantDetailViewController.swift in Sources */ = {isa = PBXBuildFile; fileRef = FF66835D1C472175003BC35A /* RestaurantDetailViewController.swift */; };
		FF76795E1C4DC14E00737FFB /* RestaurantDetailTableViewCell.swift in Sources */ = {isa = PBXBuildFile; fileRef = FF76795D1C4DC14E00737FFB /* RestaurantDetailTableViewCell.swift */; };
		FF81526E1C4C420C00EC06EF /* Restaurant.swift in Sources */ = {isa = PBXBuildFile; fileRef = FF81526D1C4C420C00EC06EF /* Restaurant.swift */; };
		FFF645701BCFA390004A8B90 /* AppDelegate.swift in Sources */ = {isa = PBXBuildFile; fileRef = FFF6456F1BCFA390004A8B90 /* AppDelegate.swift */; };
		FFF645751BCFA390004A8B90 /* Main.storyboard in Resources */ = {isa = PBXBuildFile; fileRef = FFF645731BCFA390004A8B90 /* Main.storyboard */; };
		FFF645771BCFA390004A8B90 /* Assets.xcassets in Resources */ = {isa = PBXBuildFile; fileRef = FFF645761BCFA390004A8B90 /* Assets.xcassets */; };
		FFF6457A1BCFA390004A8B90 /* LaunchScreen.storyboard in Resources */ = {isa = PBXBuildFile; fileRef = FFF645781BCFA390004A8B90 /* LaunchScreen.storyboard */; };
		FFF645821BCFA563004A8B90 /* RestaurantTableViewController.swift in Sources */ = {isa = PBXBuildFile; fileRef = FFF645811BCFA563004A8B90 /* RestaurantTableViewController.swift */; };
		FFF645841BCFF555004A8B90 /* RestaurantTableViewCell.swift in Sources */ = {isa = PBXBuildFile; fileRef = FFF645831BCFF555004A8B90 /* RestaurantTableViewCell.swift */; };
/* End PBXBuildFile section */

/* Begin PBXFileReference section */
		FF66835D1C472175003BC35A /* RestaurantDetailViewController.swift */ = {isa = PBXFileReference; fileEncoding = 4; lastKnownFileType = sourcecode.swift; path = RestaurantDetailViewController.swift; sourceTree = "<group>"; };
		FF76795D1C4DC14E00737FFB /* RestaurantDetailTableViewCell.swift */ = {isa = PBXFileReference; fileEncoding = 4; lastKnownFileType = sourcecode.swift; path = RestaurantDetailTableViewCell.swift; sourceTree = "<group>"; };
		FF81526D1C4C420C00EC06EF /* Restaurant.swift */ = {isa = PBXFileReference; fileEncoding = 4; lastKnownFileType = sourcecode.swift; path = Restaurant.swift; sourceTree = "<group>"; };
		FFF6456C1BCFA390004A8B90 /* FoodPin.app */ = {isa = PBXFileReference; explicitFileType = wrapper.application; includeInIndex = 0; path = FoodPin.app; sourceTree = BUILT_PRODUCTS_DIR; };
		FFF6456F1BCFA390004A8B90 /* AppDelegate.swift */ = {isa = PBXFileReference; lastKnownFileType = sourcecode.swift; path = AppDelegate.swift; sourceTree = "<group>"; };
		FFF645741BCFA390004A8B90 /* Base */ = {isa = PBXFileReference; lastKnownFileType = file.storyboard; name = Base; path = Base.lproj/Main.storyboard; sourceTree = "<group>"; };
		FFF645761BCFA390004A8B90 /* Assets.xcassets */ = {isa = PBXFileReference; lastKnownFileType = folder.assetcatalog; path = Assets.xcassets; sourceTree = "<group>"; };
		FFF645791BCFA390004A8B90 /* Base */ = {isa = PBXFileReference; lastKnownFileType = file.storyboard; name = Base; path = Base.lproj/LaunchScreen.storyboard; sourceTree = "<group>"; };
		FFF6457B1BCFA390004A8B90 /* Info.plist */ = {isa = PBXFileReference; lastKnownFileType = text.plist.xml; path = Info.plist; sourceTree = "<group>"; };
		FFF645811BCFA563004A8B90 /* RestaurantTableViewController.swift */ = {isa = PBXFileReference; fileEncoding = 4; lastKnownFileType = sourcecode.swift; path = RestaurantTableViewController.swift; sourceTree = "<group>"; };
		FFF645831BCFF555004A8B90 /* RestaurantTableViewCell.swift */ = {isa = PBXFileReference; fileEncoding = 4; lastKnownFileType = sourcecode.swift; path = RestaurantTableViewCell.swift; sourceTree = "<group>"; };
/* End PBXFileReference section */

/* Begin PBXFrameworksBuildPhase section */
		FFF645691BCFA390004A8B90 /* Frameworks */ = {
			isa = PBXFrameworksBuildPhase;
			buildActionMask = 2147483647;
			files = (
			);
			runOnlyForDeploymentPostprocessing = 0;
		};
/* End PBXFrameworksBuildPhase section */

/* Begin PBXGroup section */
		FFF645631BCFA390004A8B90 = {
			isa = PBXGroup;
			children = (
				FFF6456E1BCFA390004A8B90 /* FoodPin */,
				FFF6456D1BCFA390004A8B90 /* Products */,
			);
			sourceTree = "<group>";
		};
		FFF6456D1BCFA390004A8B90 /* Products */ = {
			isa = PBXGroup;
			children = (
				FFF6456C1BCFA390004A8B90 /* FoodPin.app */,
			);
			name = Products;
			sourceTree = "<group>";
		};
		FFF6456E1BCFA390004A8B90 /* FoodPin */ = {
			isa = PBXGroup;
			children = (
				FFF6456F1BCFA390004A8B90 /* AppDelegate.swift */,
				FF81526D1C4C420C00EC06EF /* Restaurant.swift */,
				FFF645831BCFF555004A8B90 /* RestaurantTableViewCell.swift */,
				FF76795D1C4DC14E00737FFB /* RestaurantDetailTableViewCell.swift */,
				FFF645811BCFA563004A8B90 /* RestaurantTableViewController.swift */,
				FF66835D1C472175003BC35A /* RestaurantDetailViewController.swift */,
				FFF645731BCFA390004A8B90 /* Main.storyboard */,
				FFF645781BCFA390004A8B90 /* LaunchScreen.storyboard */,
				FFF645761BCFA390004A8B90 /* Assets.xcassets */,
				FFF6457B1BCFA390004A8B90 /* Info.plist */,
			);
			path = FoodPin;
			sourceTree = "<group>";
		};
/* End PBXGroup section */

/* Begin PBXNativeTarget section */
		FFF6456B1BCFA390004A8B90 /* FoodPin */ = {
			isa = PBXNativeTarget;
			buildConfigurationList = FFF6457E1BCFA390004A8B90 /* Build configuration list for PBXNativeTarget "FoodPin" */;
			buildPhases = (
				FFF645681BCFA390004A8B90 /* Sources */,
				FFF645691BCFA390004A8B90 /* Frameworks */,
				FFF6456A1BCFA390004A8B90 /* Resources */,
			);
			buildRules = (
			);
			dependencies = (
			);
			name = FoodPin;
			productName = FoodPin;
			productReference = FFF6456C1BCFA390004A8B90 /* FoodPin.app */;
			productType = "com.apple.product-type.application";
		};
/* End PBXNativeTarget section */

/* Begin PBXProject section */
		FFF645641BCFA390004A8B90 /* Project object */ = {
			isa = PBXProject;
			attributes = {
				LastUpgradeCheck = 0700;
				ORGANIZATIONNAME = Intellisoft;
				TargetAttributes = {
					FFF6456B1BCFA390004A8B90 = {
						CreatedOnToolsVersion = 7.0;
						DevelopmentTeam = 6RX83YVJ5G;
					};
				};
			};
			buildConfigurationList = FFF645671BCFA390004A8B90 /* Build configuration list for PBXProject "FoodPin" */;
			compatibilityVersion = "Xcode 3.2";
			developmentRegion = English;
			hasScannedForEncodings = 0;
			knownRegions = (
				en,
				Base,
			);
			mainGroup = FFF645631BCFA390004A8B90;
			productRefGroup = FFF6456D1BCFA390004A8B90 /* Products */;
			projectDirPath = "";
			projectRoot = "";
			targets = (
				FFF6456B1BCFA390004A8B90 /* FoodPin */,
			);
		};
/* End PBXProject section */

/* Begin PBXResourcesBuildPhase section */
		FFF6456A1BCFA390004A8B90 /* Resources */ = {
			isa = PBXResourcesBuildPhase;
			buildActionMask = 2147483647;
			files = (
				FFF6457A1BCFA390004A8B90 /* LaunchScreen.storyboard in Resources */,
				FFF645771BCFA390004A8B90 /* Assets.xcassets in Resources */,
				FFF645751BCFA390004A8B90 /* Main.storyboard in Resources */,
			);
			runOnlyForDeploymentPostprocessing = 0;
		};
/* End PBXResourcesBuildPhase section */

/* Begin PBXSourcesBuildPhase section */
		FFF645681BCFA390004A8B90 /* Sources */ = {
			isa = PBXSourcesBuildPhase;
			buildActionMask = 2147483647;
			files = (
				FF81526E1C4C420C00EC06EF /* Restaurant.swift in Sources */,
				FFF645821BCFA563004A8B90 /* RestaurantTableViewController.swift in Sources */,
				FFF645841BCFF555004A8B90 /* RestaurantTableViewCell.swift in Sources */,
				FF76795E1C4DC14E00737FFB /* RestaurantDetailTableViewCell.swift in Sources */,
				FF66835E1C472175003BC35A /* RestaurantDetailViewController.swift in Sources */,
				FFF645701BCFA390004A8B90 /* AppDelegate.swift in Sources */,
			);
			runOnlyForDeploymentPostprocessing = 0;
		};
/* End PBXSourcesBuildPhase section */

/* Begin PBXVariantGroup section */
		FFF645731BCFA390004A8B90 /* Main.storyboard */ = {
			isa = PBXVariantGroup;
			children = (
				FFF645741BCFA390004A8B90 /* Base */,
			);
			name = Main.storyboard;
			sourceTree = "<group>";
		};
		FFF645781BCFA390004A8B90 /* LaunchScreen.storyboard */ = {
			isa = PBXVariantGroup;
			children = (
				FFF645791BCFA390004A8B90 /* Base */,
			);
			name = LaunchScreen.storyboard;
			sourceTree = "<group>";
		};
/* End PBXVariantGroup section */

/* Begin XCBuildConfiguration section */
		FFF6457C1BCFA390004A8B90 /* Debug */ = {
			isa = XCBuildConfiguration;
			buildSettings = {
				ALWAYS_SEARCH_USER_PATHS = NO;
				CLANG_CXX_LANGUAGE_STANDARD = "gnu++0x";
				CLANG_CXX_LIBRARY = "libc++";
				CLANG_ENABLE_MODULES = YES;
				CLANG_ENABLE_OBJC_ARC = YES;
				CLANG_WARN_BOOL_CONVERSION = YES;
				CLANG_WARN_CONSTANT_CONVERSION = YES;
				CLANG_WARN_DIRECT_OBJC_ISA_USAGE = YES_ERROR;
				CLANG_WARN_EMPTY_BODY = YES;
				CLANG_WARN_ENUM_CONVERSION = YES;
				CLANG_WARN_INT_CONVERSION = YES;
				CLANG_WARN_OBJC_ROOT_CLASS = YES_ERROR;
				CLANG_WARN_UNREACHABLE_CODE = YES;
				CLANG_WARN__DUPLICATE_METHOD_MATCH = YES;
				"CODE_SIGN_IDENTITY[sdk=iphoneos*]" = "iPhone Developer";
				COPY_PHASE_STRIP = NO;
				DEBUG_INFORMATION_FORMAT = dwarf;
				ENABLE_STRICT_OBJC_MSGSEND = YES;
				ENABLE_TESTABILITY = YES;
				GCC_C_LANGUAGE_STANDARD = gnu99;
				GCC_DYNAMIC_NO_PIC = NO;
				GCC_NO_COMMON_BLOCKS = YES;
				GCC_OPTIMIZATION_LEVEL = 0;
				GCC_PREPROCESSOR_DEFINITIONS = (
					"DEBUG=1",
					"$(inherited)",
				);
				GCC_WARN_64_TO_32_BIT_CONVERSION = YES;
				GCC_WARN_ABOUT_RETURN_TYPE = YES_ERROR;
				GCC_WARN_UNDECLARED_SELECTOR = YES;
				GCC_WARN_UNINITIALIZED_AUTOS = YES_AGGRESSIVE;
				GCC_WARN_UNUSED_FUNCTION = YES;
				GCC_WARN_UNUSED_VARIABLE = YES;
				IPHONEOS_DEPLOYMENT_TARGET = 9.0;
				MTL_ENABLE_DEBUG_INFO = YES;
				ONLY_ACTIVE_ARCH = YES;
				SDKROOT = iphoneos;
				SWIFT_OPTIMIZATION_LEVEL = "-Onone";
			};
			name = Debug;
		};
		FFF6457D1BCFA390004A8B90 /* Release */ = {
			isa = XCBuildConfiguration;
			buildSettings = {
				ALWAYS_SEARCH_USER_PATHS = NO;
				CLANG_CXX_LANGUAGE_STANDARD = "gnu++0x";
				CLANG_CXX_LIBRARY = "libc++";
				CLANG_ENABLE_MODULES = YES;
				CLANG_ENABLE_OBJC_ARC = YES;
				CLANG_WARN_BOOL_CONVERSION = YES;
				CLANG_WARN_CONSTANT_CONVERSION = YES;
				CLANG_WARN_DIRECT_OBJC_ISA_USAGE = YES_ERROR;
				CLANG_WARN_EMPTY_BODY = YES;
				CLANG_WARN_ENUM_CONVERSION = YES;
				CLANG_WARN_INT_CONVERSION = YES;
				CLANG_WARN_OBJC_ROOT_CLASS = YES_ERROR;
				CLANG_WARN_UNREACHABLE_CODE = YES;
				CLANG_WARN__DUPLICATE_METHOD_MATCH = YES;
				"CODE_SIGN_IDENTITY[sdk=iphoneos*]" = "iPhone Developer";
				COPY_PHASE_STRIP = NO;
				DEBUG_INFORMATION_FORMAT = "dwarf-with-dsym";
				ENABLE_NS_ASSERTIONS = NO;
				ENABLE_STRICT_OBJC_MSGSEND = YES;
				GCC_C_LANGUAGE_STANDARD = gnu99;
				GCC_NO_COMMON_BLOCKS = YES;
				GCC_WARN_64_TO_32_BIT_CONVERSION = YES;
				GCC_WARN_ABOUT_RETURN_TYPE = YES_ERROR;
				GCC_WARN_UNDECLARED_SELECTOR = YES;
				GCC_WARN_UNINITIALIZED_AUTOS = YES_AGGRESSIVE;
				GCC_WARN_UNUSED_FUNCTION = YES;
				GCC_WARN_UNUSED_VARIABLE = YES;
				IPHONEOS_DEPLOYMENT_TARGET = 9.0;
				MTL_ENABLE_DEBUG_INFO = NO;
				SDKROOT = iphoneos;
				VALIDATE_PRODUCT = YES;
			};
			name = Release;
		};
		FFF6457F1BCFA390004A8B90 /* Debug */ = {
			isa = XCBuildConfiguration;
			buildSettings = {
				ASSETCATALOG_COMPILER_APPICON_NAME = AppIcon;
				CODE_SIGN_IDENTITY = "iPhone Developer";
				"CODE_SIGN_IDENTITY[sdk=iphoneos*]" = "iPhone Developer";
				INFOPLIST_FILE = FoodPin/Info.plist;
				LD_RUNPATH_SEARCH_PATHS = "$(inherited) @executable_path/Frameworks";
				PRODUCT_BUNDLE_IDENTIFIER = com.intellisoft.FoodPin;
				PRODUCT_NAME = "$(TARGET_NAME)";
				PROVISIONING_PROFILE = "";
			};
			name = Debug;
		};
		FFF645801BCFA390004A8B90 /* Release */ = {
			isa = XCBuildConfiguration;
			buildSettings = {
				ASSETCATALOG_COMPILER_APPICON_NAME = AppIcon;
				CODE_SIGN_IDENTITY = "iPhone Developer";
				"CODE_SIGN_IDENTITY[sdk=iphoneos*]" = "iPhone Developer";
				INFOPLIST_FILE = FoodPin/Info.plist;
				LD_RUNPATH_SEARCH_PATHS = "$(inherited) @executable_path/Frameworks";
				PRODUCT_BUNDLE_IDENTIFIER = com.intellisoft.FoodPin;
				PRODUCT_NAME = "$(TARGET_NAME)";
				PROVISIONING_PROFILE = "";
			};
			name = Release;
		};
/* End XCBuildConfiguration section */

/* Begin XCConfigurationList section */
		FFF645671BCFA390004A8B90 /* Build configuration list for PBXProject "FoodPin" */ = {
			isa = XCConfigurationList;
			buildConfigurations = (
				FFF6457C1BCFA390004A8B90 /* Debug */,
				FFF6457D1BCFA390004A8B90 /* Release */,
			);
			defaultConfigurationIsVisible = 0;
			defaultConfigurationName = Release;
		};
		FFF6457E1BCFA390004A8B90 /* Build configuration list for PBXNativeTarget "FoodPin" */ = {
			isa = XCConfigurationList;
			buildConfigurations = (
				FFF6457F1BCFA390004A8B90 /* Debug */,
				FFF645801BCFA390004A8B90 /* Release */,
			);
			defaultConfigurationIsVisible = 0;
			defaultConfigurationName = Release;
		};
/* End XCConfigurationList section */
	};
	rootObject = FFF645641BCFA390004A8B90 /* Project object */;
}
